
Microsoft Visual Studio Solution File, Format Version 12.00
# Visual Studio Version 16
VisualStudioVersion = 16.0.31313.79
MinimumVisualStudioVersion = 10.0.40219.1
Project("{9A19103F-16F7-4668-BE54-9A1E7A4F7556}") = "DimensionService", "DimensionService\DimensionService.csproj", "{07630C0F-FCEA-43E9-97C9-35BFF477AA98}"
EndProject
Project("{9A19103F-16F7-4668-BE54-9A1E7A4F7556}") = "DimensionClient", "DimensionClient\DimensionClient.csproj", "{C357694A-0939-42FC-98F9-E62BB73D46AD}"
EndProject
Global
	GlobalSection(SolutionConfigurationPlatforms) = preSolution
		Debug|Any CPU = Debug|Any CPU
		Release|Any CPU = Release|Any CPU
	EndGlobalSection
	GlobalSection(ProjectConfigurationPlatforms) = postSolution
		{07630C0F-FCEA-43E9-97C9-35BFF477AA98}.Debug|Any CPU.ActiveCfg = Debug|Any CPU
		{07630C0F-FCEA-43E9-97C9-35BFF477AA98}.Debug|Any CPU.Build.0 = Debug|Any CPU
		{07630C0F-FCEA-43E9-97C9-35BFF477AA98}.Release|Any CPU.ActiveCfg = Release|Any CPU
		{07630C0F-FCEA-43E9-97C9-35BFF477AA98}.Release|Any CPU.Build.0 = Release|Any CPU
		{C357694A-0939-42FC-98F9-E62BB73D46AD}.Debug|Any CPU.ActiveCfg = Debug|Any CPU
		{C357694A-0939-42FC-98F9-E62BB73D46AD}.Debug|Any CPU.Build.0 = Debug|Any CPU
		{C357694A-0939-42FC-98F9-E62BB73D46AD}.Release|Any CPU.ActiveCfg = Release|Any CPU
		{C357694A-0939-42FC-98F9-E62BB73D46AD}.Release|Any CPU.Build.0 = Release|Any CPU
	EndGlobalSection
	GlobalSection(SolutionProperties) = preSolution
		HideSolutionNode = FALSE
	EndGlobalSection
	GlobalSection(ExtensibilityGlobals) = postSolution
		SolutionGuid = {B7C24585-B16D-45E0-A02A-1D071962F850}
	EndGlobalSection
EndGlobal
